// !$*UTF8*$!
{
	archiveVersion = 1;
	classes = {
	};
	objectVersion = 56;
	objects = {

/* Begin PBXBuildFile section */
		500687052857B7B0005A0520 /* ConnectionView.swift in Sources */ = {isa = PBXBuildFile; fileRef = 500687042857B7B0005A0520 /* ConnectionView.swift */; };
		500687072857B8E6005A0520 /* HistoryView.swift in Sources */ = {isa = PBXBuildFile; fileRef = 500687062857B8E6005A0520 /* HistoryView.swift */; };
		500687092857B93D005A0520 /* ConnectionState.swift in Sources */ = {isa = PBXBuildFile; fileRef = 500687082857B93D005A0520 /* ConnectionState.swift */; };
		5006870B2857BBCB005A0520 /* ConnectionStateAction.swift in Sources */ = {isa = PBXBuildFile; fileRef = 5006870A2857BBCB005A0520 /* ConnectionStateAction.swift */; };
		5006870D2857BE84005A0520 /* ConnectionStateReducer.swift in Sources */ = {isa = PBXBuildFile; fileRef = 5006870C2857BE84005A0520 /* ConnectionStateReducer.swift */; };
		5023A0B22854B87D009563B8 /* App.swift in Sources */ = {isa = PBXBuildFile; fileRef = 5023A0B12854B87D009563B8 /* App.swift */; };
		5023A0B72854B87D009563B8 /* Patchcord.xcdatamodeld in Sources */ = {isa = PBXBuildFile; fileRef = 5023A0B52854B87D009563B8 /* Patchcord.xcdatamodeld */; };
		5023A0BB2854B87E009563B8 /* Assets.xcassets in Resources */ = {isa = PBXBuildFile; fileRef = 5023A0BA2854B87E009563B8 /* Assets.xcassets */; };
		5023A0BF2854B87E009563B8 /* Preview Assets.xcassets in Resources */ = {isa = PBXBuildFile; fileRef = 5023A0BE2854B87E009563B8 /* Preview Assets.xcassets */; };
		5023A0D32854B87E009563B8 /* PatchcordUITests.swift in Sources */ = {isa = PBXBuildFile; fileRef = 5023A0D22854B87E009563B8 /* PatchcordUITests.swift */; };
		5023A0D52854B87E009563B8 /* PatchcordUITestsLaunchTests.swift in Sources */ = {isa = PBXBuildFile; fileRef = 5023A0D42854B87E009563B8 /* PatchcordUITestsLaunchTests.swift */; };
		5025567E2859A77500642B30 /* SceneStateReducer.swift in Sources */ = {isa = PBXBuildFile; fileRef = 5025567D2859A77500642B30 /* SceneStateReducer.swift */; };
		502556802859A7A300642B30 /* ScreenState.swift in Sources */ = {isa = PBXBuildFile; fileRef = 5025567F2859A7A300642B30 /* ScreenState.swift */; };
		502556822859A7C700642B30 /* ScreenStateReducer.swift in Sources */ = {isa = PBXBuildFile; fileRef = 502556812859A7C700642B30 /* ScreenStateReducer.swift */; };
		502556842859A7EE00642B30 /* ScreenStateAction.swift in Sources */ = {isa = PBXBuildFile; fileRef = 502556832859A7EE00642B30 /* ScreenStateAction.swift */; };
		502556862859A81D00642B30 /* HistoryState.swift in Sources */ = {isa = PBXBuildFile; fileRef = 502556852859A81D00642B30 /* HistoryState.swift */; };
		502556882859A83700642B30 /* HistoryStateReducer.swift in Sources */ = {isa = PBXBuildFile; fileRef = 502556872859A83700642B30 /* HistoryStateReducer.swift */; };
		505F4D93285CB1A8006989B1 /* HistoryStateAction.swift in Sources */ = {isa = PBXBuildFile; fileRef = 505F4D92285CB1A8006989B1 /* HistoryStateAction.swift */; };
		505F4D96285CB8DB006989B1 /* CoreDataRepository.swift in Sources */ = {isa = PBXBuildFile; fileRef = 505F4D95285CB8DB006989B1 /* CoreDataRepository.swift */; };
		505F4D98285CB954006989B1 /* CoreDataMiddleware.swift in Sources */ = {isa = PBXBuildFile; fileRef = 505F4D97285CB954006989B1 /* CoreDataMiddleware.swift */; };
		505F4D9A285CBB5E006989B1 /* CoreDataRepository+TestResults.swift in Sources */ = {isa = PBXBuildFile; fileRef = 505F4D99285CBB5E006989B1 /* CoreDataRepository+TestResults.swift */; };
		505F6FE8285F4276002C1007 /* NDT7TestStub.swift in Sources */ = {isa = PBXBuildFile; fileRef = 505F6FE7285F4276002C1007 /* NDT7TestStub.swift */; };
		505F6FEA285F436D002C1007 /* NDT7TestDependency.swift in Sources */ = {isa = PBXBuildFile; fileRef = 505F6FE9285F436D002C1007 /* NDT7TestDependency.swift */; };
		505F6FEC285F4568002C1007 /* ConnectionMock.swift in Sources */ = {isa = PBXBuildFile; fileRef = 505F6FEB285F4568002C1007 /* ConnectionMock.swift */; };
		505F6FEE285F4D0F002C1007 /* NDT7MeasurementStubs.swift in Sources */ = {isa = PBXBuildFile; fileRef = 505F6FED285F4D0F002C1007 /* NDT7MeasurementStubs.swift */; };
		505F6FF0285F759F002C1007 /* NSManagedObjectContext+Extensions.swift in Sources */ = {isa = PBXBuildFile; fileRef = 505F6FEF285F759F002C1007 /* NSManagedObjectContext+Extensions.swift */; };
		505F6FF3285F9065002C1007 /* LoggerMiddleware.swift in Sources */ = {isa = PBXBuildFile; fileRef = 505F6FF2285F9065002C1007 /* LoggerMiddleware.swift */; };
		505F6FF5285F9F66002C1007 /* ConnectionTests.swift in Sources */ = {isa = PBXBuildFile; fileRef = 505F6FF4285F9F66002C1007 /* ConnectionTests.swift */; };
		505F6FF7285F9F91002C1007 /* CoreDataTests.swift in Sources */ = {isa = PBXBuildFile; fileRef = 505F6FF6285F9F91002C1007 /* CoreDataTests.swift */; };
		506A0B622868801100FD2A24 /* SwiftIPConfig in Frameworks */ = {isa = PBXBuildFile; productRef = 506A0B612868801100FD2A24 /* SwiftIPConfig */; };
		506A0B64286881B900FD2A24 /* IPConfig.swift in Sources */ = {isa = PBXBuildFile; fileRef = 506A0B63286881B900FD2A24 /* IPConfig.swift */; };
		506A0B66286882E500FD2A24 /* PingManager.swift in Sources */ = {isa = PBXBuildFile; fileRef = 506A0B65286882E500FD2A24 /* PingManager.swift */; };
		506A0B682868AD8B00FD2A24 /* IPConfigMock.swift in Sources */ = {isa = PBXBuildFile; fileRef = 506A0B672868AD8B00FD2A24 /* IPConfigMock.swift */; };
		506A0B6A2868AE6B00FD2A24 /* PingManagerMock.swift in Sources */ = {isa = PBXBuildFile; fileRef = 506A0B692868AE6B00FD2A24 /* PingManagerMock.swift */; };
		506A0B6C2868B55A00FD2A24 /* Publisher+Extensions.swift in Sources */ = {isa = PBXBuildFile; fileRef = 506A0B6B2868B55A00FD2A24 /* Publisher+Extensions.swift */; };
		50750D4E2867699E009DED05 /* SwiftIPConfig in Frameworks */ = {isa = PBXBuildFile; productRef = 50750D4D2867699E009DED05 /* SwiftIPConfig */; };
		5097ED742858F214007F8209 /* ConnectionMiddleware.swift in Sources */ = {isa = PBXBuildFile; fileRef = 5097ED732858F214007F8209 /* ConnectionMiddleware.swift */; };
		509C0E15285E581100F2E58F /* Screen.swift in Sources */ = {isa = PBXBuildFile; fileRef = 509C0E14285E581100F2E58F /* Screen.swift */; };
		509C0E17285E587B00F2E58F /* TestState.swift in Sources */ = {isa = PBXBuildFile; fileRef = 509C0E16285E587B00F2E58F /* TestState.swift */; };
		50AE3FBD28DF5BF500735DCD /* NDT7 in Frameworks */ = {isa = PBXBuildFile; productRef = 50AE3FBC28DF5BF500735DCD /* NDT7 */; };
		50D62EE8285A4B3600ABD6FB /* Persistence.swift in Sources */ = {isa = PBXBuildFile; fileRef = 50D62EE7285A4B3600ABD6FB /* Persistence.swift */; };
		50EE50B62867336600C61080 /* SwiftyPing in Frameworks */ = {isa = PBXBuildFile; productRef = 50EE50B52867336600C61080 /* SwiftyPing */; };
		50EE50CD2867577400C61080 /* SwiftPublicIP in Frameworks */ = {isa = PBXBuildFile; productRef = 50EE50CC2867577400C61080 /* SwiftPublicIP */; };
		50EE819C28565BCC008BCEC4 /* RootView.swift in Sources */ = {isa = PBXBuildFile; fileRef = 50EE819B28565BCC008BCEC4 /* RootView.swift */; };
		50EE81A728566126008BCEC4 /* Store.swift in Sources */ = {isa = PBXBuildFile; fileRef = 50EE81A628566126008BCEC4 /* Store.swift */; };
		50EE81AD2856673B008BCEC4 /* SceneState.swift in Sources */ = {isa = PBXBuildFile; fileRef = 50EE81AC2856673B008BCEC4 /* SceneState.swift */; };
		50EE81B2285673B3008BCEC4 /* Generics.swift in Sources */ = {isa = PBXBuildFile; fileRef = 50EE81B1285673B3008BCEC4 /* Generics.swift */; };
		50FAAC83285EEF8400D7D14D /* ProcessInfo+Extensions.swift in Sources */ = {isa = PBXBuildFile; fileRef = 50FAAC82285EEF8400D7D14D /* ProcessInfo+Extensions.swift */; };
/* End PBXBuildFile section */

/* Begin PBXContainerItemProxy section */
		5023A0C52854B87E009563B8 /* PBXContainerItemProxy */ = {
			isa = PBXContainerItemProxy;
			containerPortal = 5023A0A62854B87D009563B8 /* Project object */;
			proxyType = 1;
			remoteGlobalIDString = 5023A0AD2854B87D009563B8;
			remoteInfo = Patchcord;
		};
		5023A0CF2854B87E009563B8 /* PBXContainerItemProxy */ = {
			isa = PBXContainerItemProxy;
			containerPortal = 5023A0A62854B87D009563B8 /* Project object */;
			proxyType = 1;
			remoteGlobalIDString = 5023A0AD2854B87D009563B8;
			remoteInfo = Patchcord;
		};
/* End PBXContainerItemProxy section */

/* Begin PBXFileReference section */
		500687042857B7B0005A0520 /* ConnectionView.swift */ = {isa = PBXFileReference; lastKnownFileType = sourcecode.swift; path = ConnectionView.swift; sourceTree = "<group>"; };
		500687062857B8E6005A0520 /* HistoryView.swift */ = {isa = PBXFileReference; lastKnownFileType = sourcecode.swift; path = HistoryView.swift; sourceTree = "<group>"; };
		500687082857B93D005A0520 /* ConnectionState.swift */ = {isa = PBXFileReference; lastKnownFileType = sourcecode.swift; path = ConnectionState.swift; sourceTree = "<group>"; };
		5006870A2857BBCB005A0520 /* ConnectionStateAction.swift */ = {isa = PBXFileReference; lastKnownFileType = sourcecode.swift; path = ConnectionStateAction.swift; sourceTree = "<group>"; };
		5006870C2857BE84005A0520 /* ConnectionStateReducer.swift */ = {isa = PBXFileReference; lastKnownFileType = sourcecode.swift; path = ConnectionStateReducer.swift; sourceTree = "<group>"; };
		5023A0AE2854B87D009563B8 /* Patchcord.app */ = {isa = PBXFileReference; explicitFileType = wrapper.application; includeInIndex = 0; path = Patchcord.app; sourceTree = BUILT_PRODUCTS_DIR; };
		5023A0B12854B87D009563B8 /* App.swift */ = {isa = PBXFileReference; lastKnownFileType = sourcecode.swift; path = App.swift; sourceTree = "<group>"; };
		5023A0B62854B87D009563B8 /* Patchcord.xcdatamodel */ = {isa = PBXFileReference; lastKnownFileType = wrapper.xcdatamodel; path = Patchcord.xcdatamodel; sourceTree = "<group>"; };
		5023A0BA2854B87E009563B8 /* Assets.xcassets */ = {isa = PBXFileReference; lastKnownFileType = folder.assetcatalog; path = Assets.xcassets; sourceTree = "<group>"; };
		5023A0BC2854B87E009563B8 /* Patchcord.entitlements */ = {isa = PBXFileReference; lastKnownFileType = text.plist.entitlements; path = Patchcord.entitlements; sourceTree = "<group>"; };
		5023A0BE2854B87E009563B8 /* Preview Assets.xcassets */ = {isa = PBXFileReference; lastKnownFileType = folder.assetcatalog; path = "Preview Assets.xcassets"; sourceTree = "<group>"; };
		5023A0C42854B87E009563B8 /* PatchcordTests.xctest */ = {isa = PBXFileReference; explicitFileType = wrapper.cfbundle; includeInIndex = 0; path = PatchcordTests.xctest; sourceTree = BUILT_PRODUCTS_DIR; };
		5023A0CE2854B87E009563B8 /* PatchcordUITests.xctest */ = {isa = PBXFileReference; explicitFileType = wrapper.cfbundle; includeInIndex = 0; path = PatchcordUITests.xctest; sourceTree = BUILT_PRODUCTS_DIR; };
		5023A0D22854B87E009563B8 /* PatchcordUITests.swift */ = {isa = PBXFileReference; lastKnownFileType = sourcecode.swift; path = PatchcordUITests.swift; sourceTree = "<group>"; };
		5023A0D42854B87E009563B8 /* PatchcordUITestsLaunchTests.swift */ = {isa = PBXFileReference; lastKnownFileType = sourcecode.swift; path = PatchcordUITestsLaunchTests.swift; sourceTree = "<group>"; };
		5023A0E62854BDC1009563B8 /* Info.plist */ = {isa = PBXFileReference; lastKnownFileType = text.plist.xml; path = Info.plist; sourceTree = "<group>"; };
		5025567D2859A77500642B30 /* SceneStateReducer.swift */ = {isa = PBXFileReference; lastKnownFileType = sourcecode.swift; path = SceneStateReducer.swift; sourceTree = "<group>"; };
		5025567F2859A7A300642B30 /* ScreenState.swift */ = {isa = PBXFileReference; lastKnownFileType = sourcecode.swift; path = ScreenState.swift; sourceTree = "<group>"; };
		502556812859A7C700642B30 /* ScreenStateReducer.swift */ = {isa = PBXFileReference; lastKnownFileType = sourcecode.swift; path = ScreenStateReducer.swift; sourceTree = "<group>"; };
		502556832859A7EE00642B30 /* ScreenStateAction.swift */ = {isa = PBXFileReference; lastKnownFileType = sourcecode.swift; path = ScreenStateAction.swift; sourceTree = "<group>"; };
		502556852859A81D00642B30 /* HistoryState.swift */ = {isa = PBXFileReference; lastKnownFileType = sourcecode.swift; path = HistoryState.swift; sourceTree = "<group>"; };
		502556872859A83700642B30 /* HistoryStateReducer.swift */ = {isa = PBXFileReference; lastKnownFileType = sourcecode.swift; path = HistoryStateReducer.swift; sourceTree = "<group>"; };
		505F4D92285CB1A8006989B1 /* HistoryStateAction.swift */ = {isa = PBXFileReference; lastKnownFileType = sourcecode.swift; path = HistoryStateAction.swift; sourceTree = "<group>"; };
		505F4D95285CB8DB006989B1 /* CoreDataRepository.swift */ = {isa = PBXFileReference; lastKnownFileType = sourcecode.swift; path = CoreDataRepository.swift; sourceTree = "<group>"; };
		505F4D97285CB954006989B1 /* CoreDataMiddleware.swift */ = {isa = PBXFileReference; lastKnownFileType = sourcecode.swift; path = CoreDataMiddleware.swift; sourceTree = "<group>"; };
		505F4D99285CBB5E006989B1 /* CoreDataRepository+TestResults.swift */ = {isa = PBXFileReference; lastKnownFileType = sourcecode.swift; path = "CoreDataRepository+TestResults.swift"; sourceTree = "<group>"; };
		505F6FE7285F4276002C1007 /* NDT7TestStub.swift */ = {isa = PBXFileReference; lastKnownFileType = sourcecode.swift; path = NDT7TestStub.swift; sourceTree = "<group>"; };
		505F6FE9285F436D002C1007 /* NDT7TestDependency.swift */ = {isa = PBXFileReference; lastKnownFileType = sourcecode.swift; path = NDT7TestDependency.swift; sourceTree = "<group>"; };
		505F6FEB285F4568002C1007 /* ConnectionMock.swift */ = {isa = PBXFileReference; lastKnownFileType = sourcecode.swift; path = ConnectionMock.swift; sourceTree = "<group>"; };
		505F6FED285F4D0F002C1007 /* NDT7MeasurementStubs.swift */ = {isa = PBXFileReference; lastKnownFileType = sourcecode.swift; path = NDT7MeasurementStubs.swift; sourceTree = "<group>"; };
		505F6FEF285F759F002C1007 /* NSManagedObjectContext+Extensions.swift */ = {isa = PBXFileReference; lastKnownFileType = sourcecode.swift; path = "NSManagedObjectContext+Extensions.swift"; sourceTree = "<group>"; };
		505F6FF2285F9065002C1007 /* LoggerMiddleware.swift */ = {isa = PBXFileReference; lastKnownFileType = sourcecode.swift; path = LoggerMiddleware.swift; sourceTree = "<group>"; };
		505F6FF4285F9F66002C1007 /* ConnectionTests.swift */ = {isa = PBXFileReference; lastKnownFileType = sourcecode.swift; path = ConnectionTests.swift; sourceTree = "<group>"; };
		505F6FF6285F9F91002C1007 /* CoreDataTests.swift */ = {isa = PBXFileReference; lastKnownFileType = sourcecode.swift; path = CoreDataTests.swift; sourceTree = "<group>"; };
		506A0B63286881B900FD2A24 /* IPConfig.swift */ = {isa = PBXFileReference; lastKnownFileType = sourcecode.swift; path = IPConfig.swift; sourceTree = "<group>"; };
		506A0B65286882E500FD2A24 /* PingManager.swift */ = {isa = PBXFileReference; lastKnownFileType = sourcecode.swift; path = PingManager.swift; sourceTree = "<group>"; };
		506A0B672868AD8B00FD2A24 /* IPConfigMock.swift */ = {isa = PBXFileReference; lastKnownFileType = sourcecode.swift; path = IPConfigMock.swift; sourceTree = "<group>"; };
		506A0B692868AE6B00FD2A24 /* PingManagerMock.swift */ = {isa = PBXFileReference; lastKnownFileType = sourcecode.swift; path = PingManagerMock.swift; sourceTree = "<group>"; };
		506A0B6B2868B55A00FD2A24 /* Publisher+Extensions.swift */ = {isa = PBXFileReference; lastKnownFileType = sourcecode.swift; path = "Publisher+Extensions.swift"; sourceTree = "<group>"; };
		5097ED732858F214007F8209 /* ConnectionMiddleware.swift */ = {isa = PBXFileReference; lastKnownFileType = sourcecode.swift; path = ConnectionMiddleware.swift; sourceTree = "<group>"; };
		509C0E14285E581100F2E58F /* Screen.swift */ = {isa = PBXFileReference; lastKnownFileType = sourcecode.swift; path = Screen.swift; sourceTree = "<group>"; };
		509C0E16285E587B00F2E58F /* TestState.swift */ = {isa = PBXFileReference; lastKnownFileType = sourcecode.swift; path = TestState.swift; sourceTree = "<group>"; };
		50D62EE7285A4B3600ABD6FB /* Persistence.swift */ = {isa = PBXFileReference; lastKnownFileType = sourcecode.swift; path = Persistence.swift; sourceTree = "<group>"; };
		50EE819B28565BCC008BCEC4 /* RootView.swift */ = {isa = PBXFileReference; lastKnownFileType = sourcecode.swift; path = RootView.swift; sourceTree = "<group>"; };
		50EE81A628566126008BCEC4 /* Store.swift */ = {isa = PBXFileReference; lastKnownFileType = sourcecode.swift; path = Store.swift; sourceTree = "<group>"; };
		50EE81AC2856673B008BCEC4 /* SceneState.swift */ = {isa = PBXFileReference; lastKnownFileType = sourcecode.swift; path = SceneState.swift; sourceTree = "<group>"; };
		50EE81B1285673B3008BCEC4 /* Generics.swift */ = {isa = PBXFileReference; lastKnownFileType = sourcecode.swift; path = Generics.swift; sourceTree = "<group>"; };
		50FAAC82285EEF8400D7D14D /* ProcessInfo+Extensions.swift */ = {isa = PBXFileReference; lastKnownFileType = sourcecode.swift; path = "ProcessInfo+Extensions.swift"; sourceTree = "<group>"; };
/* End PBXFileReference section */

/* Begin PBXFrameworksBuildPhase section */
		5023A0AB2854B87D009563B8 /* Frameworks */ = {
			isa = PBXFrameworksBuildPhase;
			buildActionMask = 2147483647;
			files = (
				50EE50B62867336600C61080 /* SwiftyPing in Frameworks */,
				50AE3FBD28DF5BF500735DCD /* NDT7 in Frameworks */,
				50750D4E2867699E009DED05 /* SwiftIPConfig in Frameworks */,
				50EE50CD2867577400C61080 /* SwiftPublicIP in Frameworks */,
			);
			runOnlyForDeploymentPostprocessing = 0;
		};
		5023A0C12854B87E009563B8 /* Frameworks */ = {
			isa = PBXFrameworksBuildPhase;
			buildActionMask = 2147483647;
			files = (
				506A0B622868801100FD2A24 /* SwiftIPConfig in Frameworks */,
			);
			runOnlyForDeploymentPostprocessing = 0;
		};
		5023A0CB2854B87E009563B8 /* Frameworks */ = {
			isa = PBXFrameworksBuildPhase;
			buildActionMask = 2147483647;
			files = (
			);
			runOnlyForDeploymentPostprocessing = 0;
		};
/* End PBXFrameworksBuildPhase section */

/* Begin PBXGroup section */
		5023A0A52854B87D009563B8 = {
			isa = PBXGroup;
			children = (
				5023A0B02854B87D009563B8 /* Patchcord */,
				5023A0C72854B87E009563B8 /* PatchcordTests */,
				5023A0D12854B87E009563B8 /* PatchcordUITests */,
				5023A0AF2854B87D009563B8 /* Products */,
				50EE50C228673D1500C61080 /* Frameworks */,
			);
			sourceTree = "<group>";
		};
		5023A0AF2854B87D009563B8 /* Products */ = {
			isa = PBXGroup;
			children = (
				5023A0AE2854B87D009563B8 /* Patchcord.app */,
				5023A0C42854B87E009563B8 /* PatchcordTests.xctest */,
				5023A0CE2854B87E009563B8 /* PatchcordUITests.xctest */,
			);
			name = Products;
			sourceTree = "<group>";
		};
		5023A0B02854B87D009563B8 /* Patchcord */ = {
			isa = PBXGroup;
			children = (
				50EE81A128565F68008BCEC4 /* Core */,
				50FAAC81285EEF6C00D7D14D /* Extensions */,
				50EE81AB2856646B008BCEC4 /* States */,
				50EE81A028565F58008BCEC4 /* Screens */,
				50EE81AE28566BFB008BCEC4 /* Middlewares */,
				50EE819F28565EF3008BCEC4 /* Assets */,
				5023A0BD2854B87E009563B8 /* Preview Content */,
				50EE819D28565E25008BCEC4 /* Supporting Files */,
			);
			path = Patchcord;
			sourceTree = "<group>";
		};
		5023A0BD2854B87E009563B8 /* Preview Content */ = {
			isa = PBXGroup;
			children = (
				5023A0BE2854B87E009563B8 /* Preview Assets.xcassets */,
			);
			path = "Preview Content";
			sourceTree = "<group>";
		};
		5023A0C72854B87E009563B8 /* PatchcordTests */ = {
			isa = PBXGroup;
			children = (
				505F6FF8285F9FBE002C1007 /* Generics */,
				505F6FF4285F9F66002C1007 /* ConnectionTests.swift */,
				505F6FF6285F9F91002C1007 /* CoreDataTests.swift */,
			);
			path = PatchcordTests;
			sourceTree = "<group>";
		};
		5023A0D12854B87E009563B8 /* PatchcordUITests */ = {
			isa = PBXGroup;
			children = (
				5023A0D22854B87E009563B8 /* PatchcordUITests.swift */,
				5023A0D42854B87E009563B8 /* PatchcordUITestsLaunchTests.swift */,
			);
			path = PatchcordUITests;
			sourceTree = "<group>";
		};
		505F4D94285CB8C9006989B1 /* CoreData */ = {
			isa = PBXGroup;
			children = (
				50D62EE7285A4B3600ABD6FB /* Persistence.swift */,
				505F4D97285CB954006989B1 /* CoreDataMiddleware.swift */,
				505F4D95285CB8DB006989B1 /* CoreDataRepository.swift */,
				505F4D99285CBB5E006989B1 /* CoreDataRepository+TestResults.swift */,
				5023A0B52854B87D009563B8 /* Patchcord.xcdatamodeld */,
			);
			path = CoreData;
			sourceTree = "<group>";
		};
		505F6FF1285F9055002C1007 /* Logger */ = {
			isa = PBXGroup;
			children = (
				505F6FF2285F9065002C1007 /* LoggerMiddleware.swift */,
			);
			path = Logger;
			sourceTree = "<group>";
		};
		505F6FF8285F9FBE002C1007 /* Generics */ = {
			isa = PBXGroup;
			children = (
				505F6FEB285F4568002C1007 /* ConnectionMock.swift */,
				505F6FE7285F4276002C1007 /* NDT7TestStub.swift */,
				505F6FED285F4D0F002C1007 /* NDT7MeasurementStubs.swift */,
				506A0B672868AD8B00FD2A24 /* IPConfigMock.swift */,
				506A0B692868AE6B00FD2A24 /* PingManagerMock.swift */,
			);
			path = Generics;
			sourceTree = "<group>";
		};
		50EE50C228673D1500C61080 /* Frameworks */ = {
			isa = PBXGroup;
			children = (
			);
			name = Frameworks;
			sourceTree = "<group>";
		};
		50EE819D28565E25008BCEC4 /* Supporting Files */ = {
			isa = PBXGroup;
			children = (
				5023A0E62854BDC1009563B8 /* Info.plist */,
				5023A0BC2854B87E009563B8 /* Patchcord.entitlements */,
			);
			path = "Supporting Files";
			sourceTree = "<group>";
		};
		50EE819F28565EF3008BCEC4 /* Assets */ = {
			isa = PBXGroup;
			children = (
				5023A0BA2854B87E009563B8 /* Assets.xcassets */,
			);
			path = Assets;
			sourceTree = "<group>";
		};
		50EE81A028565F58008BCEC4 /* Screens */ = {
			isa = PBXGroup;
			children = (
				50EE81B3285676AF008BCEC4 /* Root */,
				50EE81B4285676B8008BCEC4 /* Connection */,
				50EE81B5285676C1008BCEC4 /* History */,
			);
			path = Screens;
			sourceTree = "<group>";
		};
		50EE81A128565F68008BCEC4 /* Core */ = {
			isa = PBXGroup;
			children = (
				5023A0B12854B87D009563B8 /* App.swift */,
				50EE81B1285673B3008BCEC4 /* Generics.swift */,
				50EE81A628566126008BCEC4 /* Store.swift */,
			);
			path = Core;
			sourceTree = "<group>";
		};
		50EE81AB2856646B008BCEC4 /* States */ = {
			isa = PBXGroup;
			children = (
				509C0E14285E581100F2E58F /* Screen.swift */,
				50EE81AC2856673B008BCEC4 /* SceneState.swift */,
				5025567D2859A77500642B30 /* SceneStateReducer.swift */,
				5025567F2859A7A300642B30 /* ScreenState.swift */,
				502556812859A7C700642B30 /* ScreenStateReducer.swift */,
				502556832859A7EE00642B30 /* ScreenStateAction.swift */,
			);
			path = States;
			sourceTree = "<group>";
		};
		50EE81AE28566BFB008BCEC4 /* Middlewares */ = {
			isa = PBXGroup;
			children = (
				505F6FF1285F9055002C1007 /* Logger */,
				505F4D94285CB8C9006989B1 /* CoreData */,
				50EE81B028566C33008BCEC4 /* Connection */,
			);
			path = Middlewares;
			sourceTree = "<group>";
		};
		50EE81B028566C33008BCEC4 /* Connection */ = {
			isa = PBXGroup;
			children = (
				5097ED732858F214007F8209 /* ConnectionMiddleware.swift */,
				505F6FE9285F436D002C1007 /* NDT7TestDependency.swift */,
				506A0B63286881B900FD2A24 /* IPConfig.swift */,
				506A0B65286882E500FD2A24 /* PingManager.swift */,
			);
			path = Connection;
			sourceTree = "<group>";
		};
		50EE81B3285676AF008BCEC4 /* Root */ = {
			isa = PBXGroup;
			children = (
				50EE819B28565BCC008BCEC4 /* RootView.swift */,
			);
			path = Root;
			sourceTree = "<group>";
		};
		50EE81B4285676B8008BCEC4 /* Connection */ = {
			isa = PBXGroup;
			children = (
				509C0E16285E587B00F2E58F /* TestState.swift */,
				500687082857B93D005A0520 /* ConnectionState.swift */,
				5006870C2857BE84005A0520 /* ConnectionStateReducer.swift */,
				5006870A2857BBCB005A0520 /* ConnectionStateAction.swift */,
				500687042857B7B0005A0520 /* ConnectionView.swift */,
			);
			path = Connection;
			sourceTree = "<group>";
		};
		50EE81B5285676C1008BCEC4 /* History */ = {
			isa = PBXGroup;
			children = (
				502556852859A81D00642B30 /* HistoryState.swift */,
				502556872859A83700642B30 /* HistoryStateReducer.swift */,
				505F4D92285CB1A8006989B1 /* HistoryStateAction.swift */,
				500687062857B8E6005A0520 /* HistoryView.swift */,
			);
			path = History;
			sourceTree = "<group>";
		};
		50FAAC81285EEF6C00D7D14D /* Extensions */ = {
			isa = PBXGroup;
			children = (
				50FAAC82285EEF8400D7D14D /* ProcessInfo+Extensions.swift */,
				505F6FEF285F759F002C1007 /* NSManagedObjectContext+Extensions.swift */,
				506A0B6B2868B55A00FD2A24 /* Publisher+Extensions.swift */,
			);
			path = Extensions;
			sourceTree = "<group>";
		};
/* End PBXGroup section */

/* Begin PBXNativeTarget section */
		5023A0AD2854B87D009563B8 /* Patchcord */ = {
			isa = PBXNativeTarget;
			buildConfigurationList = 5023A0D82854B87E009563B8 /* Build configuration list for PBXNativeTarget "Patchcord" */;
			buildPhases = (
				5023A0AA2854B87D009563B8 /* Sources */,
				5023A0AB2854B87D009563B8 /* Frameworks */,
				5023A0AC2854B87D009563B8 /* Resources */,
			);
			buildRules = (
			);
			dependencies = (
			);
			name = Patchcord;
			packageProductDependencies = (
				50EE50B52867336600C61080 /* SwiftyPing */,
				50EE50CC2867577400C61080 /* SwiftPublicIP */,
				50750D4D2867699E009DED05 /* SwiftIPConfig */,
				50AE3FBC28DF5BF500735DCD /* NDT7 */,
			);
			productName = Patchcord;
			productReference = 5023A0AE2854B87D009563B8 /* Patchcord.app */;
			productType = "com.apple.product-type.application";
		};
		5023A0C32854B87E009563B8 /* PatchcordTests */ = {
			isa = PBXNativeTarget;
			buildConfigurationList = 5023A0DB2854B87E009563B8 /* Build configuration list for PBXNativeTarget "PatchcordTests" */;
			buildPhases = (
				5023A0C02854B87E009563B8 /* Sources */,
				5023A0C12854B87E009563B8 /* Frameworks */,
				5023A0C22854B87E009563B8 /* Resources */,
			);
			buildRules = (
			);
			dependencies = (
				5023A0C62854B87E009563B8 /* PBXTargetDependency */,
			);
			name = PatchcordTests;
			packageProductDependencies = (
				506A0B612868801100FD2A24 /* SwiftIPConfig */,
			);
			productName = PatchcordTests;
			productReference = 5023A0C42854B87E009563B8 /* PatchcordTests.xctest */;
			productType = "com.apple.product-type.bundle.unit-test";
		};
		5023A0CD2854B87E009563B8 /* PatchcordUITests */ = {
			isa = PBXNativeTarget;
			buildConfigurationList = 5023A0DE2854B87E009563B8 /* Build configuration list for PBXNativeTarget "PatchcordUITests" */;
			buildPhases = (
				5023A0CA2854B87E009563B8 /* Sources */,
				5023A0CB2854B87E009563B8 /* Frameworks */,
				5023A0CC2854B87E009563B8 /* Resources */,
			);
			buildRules = (
			);
			dependencies = (
				5023A0D02854B87E009563B8 /* PBXTargetDependency */,
			);
			name = PatchcordUITests;
			productName = PatchcordUITests;
			productReference = 5023A0CE2854B87E009563B8 /* PatchcordUITests.xctest */;
			productType = "com.apple.product-type.bundle.ui-testing";
		};
/* End PBXNativeTarget section */

/* Begin PBXProject section */
		5023A0A62854B87D009563B8 /* Project object */ = {
			isa = PBXProject;
			attributes = {
				BuildIndependentTargetsInParallel = 1;
				LastSwiftUpdateCheck = 1400;
				LastUpgradeCheck = 1400;
				TargetAttributes = {
					5023A0AD2854B87D009563B8 = {
						CreatedOnToolsVersion = 14.0;
					};
					5023A0C32854B87E009563B8 = {
						CreatedOnToolsVersion = 14.0;
						TestTargetID = 5023A0AD2854B87D009563B8;
					};
					5023A0CD2854B87E009563B8 = {
						CreatedOnToolsVersion = 14.0;
						TestTargetID = 5023A0AD2854B87D009563B8;
					};
				};
			};
			buildConfigurationList = 5023A0A92854B87D009563B8 /* Build configuration list for PBXProject "Patchcord" */;
			compatibilityVersion = "Xcode 14.0";
			developmentRegion = en;
			hasScannedForEncodings = 0;
			knownRegions = (
				en,
				Base,
			);
			mainGroup = 5023A0A52854B87D009563B8;
			packageReferences = (
				50EE50B42867336600C61080 /* XCRemoteSwiftPackageReference "SwiftyPing" */,
				50EE50CB2867577400C61080 /* XCRemoteSwiftPackageReference "Swift-Public-IP" */,
				50750D4C2867699E009DED05 /* XCRemoteSwiftPackageReference "SwiftIPConfig" */,
				50AE3FBB28DF5BF500735DCD /* XCRemoteSwiftPackageReference "ndt7-client-ios" */,
			);
			productRefGroup = 5023A0AF2854B87D009563B8 /* Products */;
			projectDirPath = "";
			projectRoot = "";
			targets = (
				5023A0AD2854B87D009563B8 /* Patchcord */,
				5023A0C32854B87E009563B8 /* PatchcordTests */,
				5023A0CD2854B87E009563B8 /* PatchcordUITests */,
			);
		};
/* End PBXProject section */

/* Begin PBXResourcesBuildPhase section */
		5023A0AC2854B87D009563B8 /* Resources */ = {
			isa = PBXResourcesBuildPhase;
			buildActionMask = 2147483647;
			files = (
				5023A0BF2854B87E009563B8 /* Preview Assets.xcassets in Resources */,
				5023A0BB2854B87E009563B8 /* Assets.xcassets in Resources */,
			);
			runOnlyForDeploymentPostprocessing = 0;
		};
		5023A0C22854B87E009563B8 /* Resources */ = {
			isa = PBXResourcesBuildPhase;
			buildActionMask = 2147483647;
			files = (
			);
			runOnlyForDeploymentPostprocessing = 0;
		};
		5023A0CC2854B87E009563B8 /* Resources */ = {
			isa = PBXResourcesBuildPhase;
			buildActionMask = 2147483647;
			files = (
			);
			runOnlyForDeploymentPostprocessing = 0;
		};
/* End PBXResourcesBuildPhase section */

/* Begin PBXSourcesBuildPhase section */
		5023A0AA2854B87D009563B8 /* Sources */ = {
			isa = PBXSourcesBuildPhase;
			buildActionMask = 2147483647;
			files = (
				505F4D96285CB8DB006989B1 /* CoreDataRepository.swift in Sources */,
				5023A0B22854B87D009563B8 /* App.swift in Sources */,
				506A0B64286881B900FD2A24 /* IPConfig.swift in Sources */,
				5025567E2859A77500642B30 /* SceneStateReducer.swift in Sources */,
				505F4D93285CB1A8006989B1 /* HistoryStateAction.swift in Sources */,
				509C0E17285E587B00F2E58F /* TestState.swift in Sources */,
				50EE81AD2856673B008BCEC4 /* SceneState.swift in Sources */,
				502556842859A7EE00642B30 /* ScreenStateAction.swift in Sources */,
				50D62EE8285A4B3600ABD6FB /* Persistence.swift in Sources */,
				50EE81B2285673B3008BCEC4 /* Generics.swift in Sources */,
				506A0B66286882E500FD2A24 /* PingManager.swift in Sources */,
				502556822859A7C700642B30 /* ScreenStateReducer.swift in Sources */,
				50EE81A728566126008BCEC4 /* Store.swift in Sources */,
				500687092857B93D005A0520 /* ConnectionState.swift in Sources */,
				5097ED742858F214007F8209 /* ConnectionMiddleware.swift in Sources */,
				505F4D9A285CBB5E006989B1 /* CoreDataRepository+TestResults.swift in Sources */,
				500687072857B8E6005A0520 /* HistoryView.swift in Sources */,
				505F6FF0285F759F002C1007 /* NSManagedObjectContext+Extensions.swift in Sources */,
				50EE819C28565BCC008BCEC4 /* RootView.swift in Sources */,
				5006870D2857BE84005A0520 /* ConnectionStateReducer.swift in Sources */,
				500687052857B7B0005A0520 /* ConnectionView.swift in Sources */,
				502556802859A7A300642B30 /* ScreenState.swift in Sources */,
				505F6FF3285F9065002C1007 /* LoggerMiddleware.swift in Sources */,
				50FAAC83285EEF8400D7D14D /* ProcessInfo+Extensions.swift in Sources */,
				5006870B2857BBCB005A0520 /* ConnectionStateAction.swift in Sources */,
				505F4D98285CB954006989B1 /* CoreDataMiddleware.swift in Sources */,
				502556882859A83700642B30 /* HistoryStateReducer.swift in Sources */,
				5023A0B72854B87D009563B8 /* Patchcord.xcdatamodeld in Sources */,
				502556862859A81D00642B30 /* HistoryState.swift in Sources */,
				509C0E15285E581100F2E58F /* Screen.swift in Sources */,
				506A0B6C2868B55A00FD2A24 /* Publisher+Extensions.swift in Sources */,
				505F6FEA285F436D002C1007 /* NDT7TestDependency.swift in Sources */,
			);
			runOnlyForDeploymentPostprocessing = 0;
		};
		5023A0C02854B87E009563B8 /* Sources */ = {
			isa = PBXSourcesBuildPhase;
			buildActionMask = 2147483647;
			files = (
				505F6FE8285F4276002C1007 /* NDT7TestStub.swift in Sources */,
				505F6FF5285F9F66002C1007 /* ConnectionTests.swift in Sources */,
				505F6FF7285F9F91002C1007 /* CoreDataTests.swift in Sources */,
				505F6FEE285F4D0F002C1007 /* NDT7MeasurementStubs.swift in Sources */,
				506A0B6A2868AE6B00FD2A24 /* PingManagerMock.swift in Sources */,
				506A0B682868AD8B00FD2A24 /* IPConfigMock.swift in Sources */,
				505F6FEC285F4568002C1007 /* ConnectionMock.swift in Sources */,
			);
			runOnlyForDeploymentPostprocessing = 0;
		};
		5023A0CA2854B87E009563B8 /* Sources */ = {
			isa = PBXSourcesBuildPhase;
			buildActionMask = 2147483647;
			files = (
				5023A0D32854B87E009563B8 /* PatchcordUITests.swift in Sources */,
				5023A0D52854B87E009563B8 /* PatchcordUITestsLaunchTests.swift in Sources */,
			);
			runOnlyForDeploymentPostprocessing = 0;
		};
/* End PBXSourcesBuildPhase section */

/* Begin PBXTargetDependency section */
		5023A0C62854B87E009563B8 /* PBXTargetDependency */ = {
			isa = PBXTargetDependency;
			target = 5023A0AD2854B87D009563B8 /* Patchcord */;
			targetProxy = 5023A0C52854B87E009563B8 /* PBXContainerItemProxy */;
		};
		5023A0D02854B87E009563B8 /* PBXTargetDependency */ = {
			isa = PBXTargetDependency;
			target = 5023A0AD2854B87D009563B8 /* Patchcord */;
			targetProxy = 5023A0CF2854B87E009563B8 /* PBXContainerItemProxy */;
		};
/* End PBXTargetDependency section */

/* Begin XCBuildConfiguration section */
		5023A0D62854B87E009563B8 /* Debug */ = {
			isa = XCBuildConfiguration;
			buildSettings = {
				ALWAYS_SEARCH_USER_PATHS = NO;
				CLANG_ANALYZER_NONNULL = YES;
				CLANG_ANALYZER_NUMBER_OBJECT_CONVERSION = YES_AGGRESSIVE;
				CLANG_CXX_LANGUAGE_STANDARD = "gnu++17";
				CLANG_ENABLE_MODULES = YES;
				CLANG_ENABLE_OBJC_ARC = YES;
				CLANG_ENABLE_OBJC_WEAK = YES;
				CLANG_WARN_BLOCK_CAPTURE_AUTORELEASING = YES;
				CLANG_WARN_BOOL_CONVERSION = YES;
				CLANG_WARN_COMMA = YES;
				CLANG_WARN_CONSTANT_CONVERSION = YES;
				CLANG_WARN_DEPRECATED_OBJC_IMPLEMENTATIONS = YES;
				CLANG_WARN_DIRECT_OBJC_ISA_USAGE = YES_ERROR;
				CLANG_WARN_DOCUMENTATION_COMMENTS = YES;
				CLANG_WARN_EMPTY_BODY = YES;
				CLANG_WARN_ENUM_CONVERSION = YES;
				CLANG_WARN_INFINITE_RECURSION = YES;
				CLANG_WARN_INT_CONVERSION = YES;
				CLANG_WARN_NON_LITERAL_NULL_CONVERSION = YES;
				CLANG_WARN_OBJC_IMPLICIT_RETAIN_SELF = YES;
				CLANG_WARN_OBJC_LITERAL_CONVERSION = YES;
				CLANG_WARN_OBJC_ROOT_CLASS = YES_ERROR;
				CLANG_WARN_QUOTED_INCLUDE_IN_FRAMEWORK_HEADER = YES;
				CLANG_WARN_RANGE_LOOP_ANALYSIS = YES;
				CLANG_WARN_STRICT_PROTOTYPES = YES;
				CLANG_WARN_SUSPICIOUS_MOVE = YES;
				CLANG_WARN_UNGUARDED_AVAILABILITY = YES_AGGRESSIVE;
				CLANG_WARN_UNREACHABLE_CODE = YES;
				CLANG_WARN__DUPLICATE_METHOD_MATCH = YES;
				COPY_PHASE_STRIP = NO;
				DEBUG_INFORMATION_FORMAT = dwarf;
				ENABLE_STRICT_OBJC_MSGSEND = YES;
				ENABLE_TESTABILITY = YES;
				GCC_C_LANGUAGE_STANDARD = gnu11;
				GCC_DYNAMIC_NO_PIC = NO;
				GCC_NO_COMMON_BLOCKS = YES;
				GCC_OPTIMIZATION_LEVEL = 0;
				GCC_PREPROCESSOR_DEFINITIONS = (
					"DEBUG=1",
					"$(inherited)",
				);
				GCC_WARN_64_TO_32_BIT_CONVERSION = YES;
				GCC_WARN_ABOUT_RETURN_TYPE = YES_ERROR;
				GCC_WARN_UNDECLARED_SELECTOR = YES;
				GCC_WARN_UNINITIALIZED_AUTOS = YES_AGGRESSIVE;
				GCC_WARN_UNUSED_FUNCTION = YES;
				GCC_WARN_UNUSED_VARIABLE = YES;
				MTL_ENABLE_DEBUG_INFO = INCLUDE_SOURCE;
				MTL_FAST_MATH = YES;
				ONLY_ACTIVE_ARCH = YES;
				SWIFT_ACTIVE_COMPILATION_CONDITIONS = DEBUG;
				SWIFT_OPTIMIZATION_LEVEL = "-Onone";
			};
			name = Debug;
		};
		5023A0D72854B87E009563B8 /* Release */ = {
			isa = XCBuildConfiguration;
			buildSettings = {
				ALWAYS_SEARCH_USER_PATHS = NO;
				CLANG_ANALYZER_NONNULL = YES;
				CLANG_ANALYZER_NUMBER_OBJECT_CONVERSION = YES_AGGRESSIVE;
				CLANG_CXX_LANGUAGE_STANDARD = "gnu++17";
				CLANG_ENABLE_MODULES = YES;
				CLANG_ENABLE_OBJC_ARC = YES;
				CLANG_ENABLE_OBJC_WEAK = YES;
				CLANG_WARN_BLOCK_CAPTURE_AUTORELEASING = YES;
				CLANG_WARN_BOOL_CONVERSION = YES;
				CLANG_WARN_COMMA = YES;
				CLANG_WARN_CONSTANT_CONVERSION = YES;
				CLANG_WARN_DEPRECATED_OBJC_IMPLEMENTATIONS = YES;
				CLANG_WARN_DIRECT_OBJC_ISA_USAGE = YES_ERROR;
				CLANG_WARN_DOCUMENTATION_COMMENTS = YES;
				CLANG_WARN_EMPTY_BODY = YES;
				CLANG_WARN_ENUM_CONVERSION = YES;
				CLANG_WARN_INFINITE_RECURSION = YES;
				CLANG_WARN_INT_CONVERSION = YES;
				CLANG_WARN_NON_LITERAL_NULL_CONVERSION = YES;
				CLANG_WARN_OBJC_IMPLICIT_RETAIN_SELF = YES;
				CLANG_WARN_OBJC_LITERAL_CONVERSION = YES;
				CLANG_WARN_OBJC_ROOT_CLASS = YES_ERROR;
				CLANG_WARN_QUOTED_INCLUDE_IN_FRAMEWORK_HEADER = YES;
				CLANG_WARN_RANGE_LOOP_ANALYSIS = YES;
				CLANG_WARN_STRICT_PROTOTYPES = YES;
				CLANG_WARN_SUSPICIOUS_MOVE = YES;
				CLANG_WARN_UNGUARDED_AVAILABILITY = YES_AGGRESSIVE;
				CLANG_WARN_UNREACHABLE_CODE = YES;
				CLANG_WARN__DUPLICATE_METHOD_MATCH = YES;
				COPY_PHASE_STRIP = NO;
				DEBUG_INFORMATION_FORMAT = "dwarf-with-dsym";
				ENABLE_NS_ASSERTIONS = NO;
				ENABLE_STRICT_OBJC_MSGSEND = YES;
				GCC_C_LANGUAGE_STANDARD = gnu11;
				GCC_NO_COMMON_BLOCKS = YES;
				GCC_WARN_64_TO_32_BIT_CONVERSION = YES;
				GCC_WARN_ABOUT_RETURN_TYPE = YES_ERROR;
				GCC_WARN_UNDECLARED_SELECTOR = YES;
				GCC_WARN_UNINITIALIZED_AUTOS = YES_AGGRESSIVE;
				GCC_WARN_UNUSED_FUNCTION = YES;
				GCC_WARN_UNUSED_VARIABLE = YES;
				MTL_ENABLE_DEBUG_INFO = NO;
				MTL_FAST_MATH = YES;
				SWIFT_COMPILATION_MODE = wholemodule;
				SWIFT_OPTIMIZATION_LEVEL = "-O";
			};
			name = Release;
		};
		5023A0D92854B87E009563B8 /* Debug */ = {
			isa = XCBuildConfiguration;
			buildSettings = {
				ASSETCATALOG_COMPILER_APPICON_NAME = AppIcon;
				ASSETCATALOG_COMPILER_GLOBAL_ACCENT_COLOR_NAME = AccentColor;
				CODE_SIGN_ENTITLEMENTS = "Patchcord/Supporting Files/Patchcord.entitlements";
				CODE_SIGN_STYLE = Automatic;
				CURRENT_PROJECT_VERSION = 1;
				DEVELOPMENT_ASSET_PATHS = "\"Patchcord/Preview Content\"";
				DEVELOPMENT_TEAM = 27R5H6Q354;
				ENABLE_HARDENED_RUNTIME = YES;
				ENABLE_PREVIEWS = YES;
				GENERATE_INFOPLIST_FILE = YES;
				INFOPLIST_FILE = "Patchcord/Supporting Files/Info.plist";
				"INFOPLIST_KEY_UILaunchScreen_Generation[sdk=iphoneos*]" = YES;
				"INFOPLIST_KEY_UILaunchScreen_Generation[sdk=iphonesimulator*]" = YES;
				INFOPLIST_KEY_UISupportedInterfaceOrientations_iPad = "UIInterfaceOrientationPortrait UIInterfaceOrientationPortraitUpsideDown UIInterfaceOrientationLandscapeLeft UIInterfaceOrientationLandscapeRight";
				INFOPLIST_KEY_UISupportedInterfaceOrientations_iPhone = "UIInterfaceOrientationPortrait UIInterfaceOrientationLandscapeLeft UIInterfaceOrientationLandscapeRight";
				IPHONEOS_DEPLOYMENT_TARGET = 16.0;
				LD_RUNPATH_SEARCH_PATHS = "@executable_path/Frameworks";
				"LD_RUNPATH_SEARCH_PATHS[sdk=macosx*]" = "@executable_path/../Frameworks";
				MACOSX_DEPLOYMENT_TARGET = 12.4;
				MARKETING_VERSION = 1.0;
				PRODUCT_BUNDLE_IDENTIFIER = com.maksymbilan.apps.Patchcord;
				PRODUCT_NAME = "$(TARGET_NAME)";
				SDKROOT = auto;
				SUPPORTED_PLATFORMS = "iphoneos iphonesimulator macosx";
				SWIFT_EMIT_LOC_STRINGS = YES;
				SWIFT_VERSION = 5.0;
				TARGETED_DEVICE_FAMILY = "1,2";
			};
			name = Debug;
		};
		5023A0DA2854B87E009563B8 /* Release */ = {
			isa = XCBuildConfiguration;
			buildSettings = {
				ASSETCATALOG_COMPILER_APPICON_NAME = AppIcon;
				ASSETCATALOG_COMPILER_GLOBAL_ACCENT_COLOR_NAME = AccentColor;
				CODE_SIGN_ENTITLEMENTS = "Patchcord/Supporting Files/Patchcord.entitlements";
				CODE_SIGN_STYLE = Automatic;
				CURRENT_PROJECT_VERSION = 1;
				DEVELOPMENT_ASSET_PATHS = "\"Patchcord/Preview Content\"";
				DEVELOPMENT_TEAM = 27R5H6Q354;
				ENABLE_HARDENED_RUNTIME = YES;
				ENABLE_PREVIEWS = YES;
				GENERATE_INFOPLIST_FILE = YES;
				INFOPLIST_FILE = "Patchcord/Supporting Files/Info.plist";
				"INFOPLIST_KEY_UILaunchScreen_Generation[sdk=iphoneos*]" = YES;
				"INFOPLIST_KEY_UILaunchScreen_Generation[sdk=iphonesimulator*]" = YES;
				INFOPLIST_KEY_UISupportedInterfaceOrientations_iPad = "UIInterfaceOrientationPortrait UIInterfaceOrientationPortraitUpsideDown UIInterfaceOrientationLandscapeLeft UIInterfaceOrientationLandscapeRight";
				INFOPLIST_KEY_UISupportedInterfaceOrientations_iPhone = "UIInterfaceOrientationPortrait UIInterfaceOrientationLandscapeLeft UIInterfaceOrientationLandscapeRight";
				IPHONEOS_DEPLOYMENT_TARGET = 16.0;
				LD_RUNPATH_SEARCH_PATHS = "@executable_path/Frameworks";
				"LD_RUNPATH_SEARCH_PATHS[sdk=macosx*]" = "@executable_path/../Frameworks";
				MACOSX_DEPLOYMENT_TARGET = 12.4;
				MARKETING_VERSION = 1.0;
				PRODUCT_BUNDLE_IDENTIFIER = com.maksymbilan.apps.Patchcord;
				PRODUCT_NAME = "$(TARGET_NAME)";
				SDKROOT = auto;
				SUPPORTED_PLATFORMS = "iphoneos iphonesimulator macosx";
				SWIFT_EMIT_LOC_STRINGS = YES;
				SWIFT_VERSION = 5.0;
				TARGETED_DEVICE_FAMILY = "1,2";
			};
			name = Release;
		};
		5023A0DC2854B87E009563B8 /* Debug */ = {
			isa = XCBuildConfiguration;
			buildSettings = {
				ALWAYS_EMBED_SWIFT_STANDARD_LIBRARIES = YES;
				BUNDLE_LOADER = "$(TEST_HOST)";
				CODE_SIGN_STYLE = Automatic;
				CURRENT_PROJECT_VERSION = 1;
				DEVELOPMENT_TEAM = 27R5H6Q354;
				GENERATE_INFOPLIST_FILE = YES;
				IPHONEOS_DEPLOYMENT_TARGET = 16.0;
				MACOSX_DEPLOYMENT_TARGET = 12.4;
				MARKETING_VERSION = 1.0;
				PRODUCT_BUNDLE_IDENTIFIER = com.maksymbilan.apps.PatchcordTests;
				PRODUCT_NAME = "$(TARGET_NAME)";
				SDKROOT = auto;
				SUPPORTED_PLATFORMS = "iphoneos iphonesimulator macosx";
				SWIFT_EMIT_LOC_STRINGS = NO;
				SWIFT_VERSION = 5.0;
				TARGETED_DEVICE_FAMILY = "1,2";
				TEST_HOST = "$(BUILT_PRODUCTS_DIR)/Patchcord.app/$(BUNDLE_EXECUTABLE_FOLDER_PATH)/Patchcord";
			};
			name = Debug;
		};
		5023A0DD2854B87E009563B8 /* Release */ = {
			isa = XCBuildConfiguration;
			buildSettings = {
				ALWAYS_EMBED_SWIFT_STANDARD_LIBRARIES = YES;
				BUNDLE_LOADER = "$(TEST_HOST)";
				CODE_SIGN_STYLE = Automatic;
				CURRENT_PROJECT_VERSION = 1;
				DEVELOPMENT_TEAM = 27R5H6Q354;
				GENERATE_INFOPLIST_FILE = YES;
				IPHONEOS_DEPLOYMENT_TARGET = 16.0;
				MACOSX_DEPLOYMENT_TARGET = 12.4;
				MARKETING_VERSION = 1.0;
				PRODUCT_BUNDLE_IDENTIFIER = com.maksymbilan.apps.PatchcordTests;
				PRODUCT_NAME = "$(TARGET_NAME)";
				SDKROOT = auto;
				SUPPORTED_PLATFORMS = "iphoneos iphonesimulator macosx";
				SWIFT_EMIT_LOC_STRINGS = NO;
				SWIFT_VERSION = 5.0;
				TARGETED_DEVICE_FAMILY = "1,2";
				TEST_HOST = "$(BUILT_PRODUCTS_DIR)/Patchcord.app/$(BUNDLE_EXECUTABLE_FOLDER_PATH)/Patchcord";
			};
			name = Release;
		};
		5023A0DF2854B87E009563B8 /* Debug */ = {
			isa = XCBuildConfiguration;
			buildSettings = {
				ALWAYS_EMBED_SWIFT_STANDARD_LIBRARIES = YES;
				CODE_SIGN_STYLE = Automatic;
				CURRENT_PROJECT_VERSION = 1;
				DEVELOPMENT_TEAM = 27R5H6Q354;
				GENERATE_INFOPLIST_FILE = YES;
				IPHONEOS_DEPLOYMENT_TARGET = 16.0;
				MACOSX_DEPLOYMENT_TARGET = 12.4;
				MARKETING_VERSION = 1.0;
				PRODUCT_BUNDLE_IDENTIFIER = com.maksymbilan.apps.PatchcordUITests;
				PRODUCT_NAME = "$(TARGET_NAME)";
				SDKROOT = auto;
				SUPPORTED_PLATFORMS = "iphoneos iphonesimulator macosx";
				SWIFT_EMIT_LOC_STRINGS = NO;
				SWIFT_VERSION = 5.0;
				TARGETED_DEVICE_FAMILY = "1,2";
				TEST_TARGET_NAME = Patchcord;
			};
			name = Debug;
		};
		5023A0E02854B87E009563B8 /* Release */ = {
			isa = XCBuildConfiguration;
			buildSettings = {
				ALWAYS_EMBED_SWIFT_STANDARD_LIBRARIES = YES;
				CODE_SIGN_STYLE = Automatic;
				CURRENT_PROJECT_VERSION = 1;
				DEVELOPMENT_TEAM = 27R5H6Q354;
				GENERATE_INFOPLIST_FILE = YES;
				IPHONEOS_DEPLOYMENT_TARGET = 16.0;
				MACOSX_DEPLOYMENT_TARGET = 12.4;
				MARKETING_VERSION = 1.0;
				PRODUCT_BUNDLE_IDENTIFIER = com.maksymbilan.apps.PatchcordUITests;
				PRODUCT_NAME = "$(TARGET_NAME)";
				SDKROOT = auto;
				SUPPORTED_PLATFORMS = "iphoneos iphonesimulator macosx";
				SWIFT_EMIT_LOC_STRINGS = NO;
				SWIFT_VERSION = 5.0;
				TARGETED_DEVICE_FAMILY = "1,2";
				TEST_TARGET_NAME = Patchcord;
			};
			name = Release;
		};
/* End XCBuildConfiguration section */

/* Begin XCConfigurationList section */
		5023A0A92854B87D009563B8 /* Build configuration list for PBXProject "Patchcord" */ = {
			isa = XCConfigurationList;
			buildConfigurations = (
				5023A0D62854B87E009563B8 /* Debug */,
				5023A0D72854B87E009563B8 /* Release */,
			);
			defaultConfigurationIsVisible = 0;
			defaultConfigurationName = Release;
		};
		5023A0D82854B87E009563B8 /* Build configuration list for PBXNativeTarget "Patchcord" */ = {
			isa = XCConfigurationList;
			buildConfigurations = (
				5023A0D92854B87E009563B8 /* Debug */,
				5023A0DA2854B87E009563B8 /* Release */,
			);
			defaultConfigurationIsVisible = 0;
			defaultConfigurationName = Release;
		};
		5023A0DB2854B87E009563B8 /* Build configuration list for PBXNativeTarget "PatchcordTests" */ = {
			isa = XCConfigurationList;
			buildConfigurations = (
				5023A0DC2854B87E009563B8 /* Debug */,
				5023A0DD2854B87E009563B8 /* Release */,
			);
			defaultConfigurationIsVisible = 0;
			defaultConfigurationName = Release;
		};
		5023A0DE2854B87E009563B8 /* Build configuration list for PBXNativeTarget "PatchcordUITests" */ = {
			isa = XCConfigurationList;
			buildConfigurations = (
				5023A0DF2854B87E009563B8 /* Debug */,
				5023A0E02854B87E009563B8 /* Release */,
			);
			defaultConfigurationIsVisible = 0;
			defaultConfigurationName = Release;
		};
/* End XCConfigurationList section */

/* Begin XCRemoteSwiftPackageReference section */
		50750D4C2867699E009DED05 /* XCRemoteSwiftPackageReference "SwiftIPConfig" */ = {
			isa = XCRemoteSwiftPackageReference;
			repositoryURL = "https://github.com/maximbilan/SwiftIPConfig";
			requirement = {
				kind = upToNextMajorVersion;
				minimumVersion = 0.1.0;
			};
		};
		50AE3FBB28DF5BF500735DCD /* XCRemoteSwiftPackageReference "ndt7-client-ios" */ = {
			isa = XCRemoteSwiftPackageReference;
			repositoryURL = "https://github.com/maximbilan/ndt7-client-ios.git";
			requirement = {
				branch = master;
				kind = branch;
			};
		};
		50EE50B42867336600C61080 /* XCRemoteSwiftPackageReference "SwiftyPing" */ = {
			isa = XCRemoteSwiftPackageReference;
			repositoryURL = "https://github.com/samiyr/SwiftyPing";
			requirement = {
				kind = upToNextMajorVersion;
				minimumVersion = 1.2.1;
			};
		};
		50EE50CB2867577400C61080 /* XCRemoteSwiftPackageReference "Swift-Public-IP" */ = {
			isa = XCRemoteSwiftPackageReference;
			repositoryURL = "https://github.com/HackingGate/Swift-Public-IP";
			requirement = {
				kind = upToNextMajorVersion;
				minimumVersion = 0.0.2;
			};
		};
/* End XCRemoteSwiftPackageReference section */

/* Begin XCSwiftPackageProductDependency section */
		506A0B612868801100FD2A24 /* SwiftIPConfig */ = {
			isa = XCSwiftPackageProductDependency;
			package = 50750D4C2867699E009DED05 /* XCRemoteSwiftPackageReference "SwiftIPConfig" */;
			productName = SwiftIPConfig;
		};
		50750D4D2867699E009DED05 /* SwiftIPConfig */ = {
			isa = XCSwiftPackageProductDependency;
			package = 50750D4C2867699E009DED05 /* XCRemoteSwiftPackageReference "SwiftIPConfig" */;
			productName = SwiftIPConfig;
		};
		50AE3FBC28DF5BF500735DCD /* NDT7 */ = {
			isa = XCSwiftPackageProductDependency;
			package = 50AE3FBB28DF5BF500735DCD /* XCRemoteSwiftPackageReference "ndt7-client-ios" */;
			productName = NDT7;
		};
		50EE50B52867336600C61080 /* SwiftyPing */ = {
			isa = XCSwiftPackageProductDependency;
			package = 50EE50B42867336600C61080 /* XCRemoteSwiftPackageReference "SwiftyPing" */;
			productName = SwiftyPing;
		};
		50EE50CC2867577400C61080 /* SwiftPublicIP */ = {
			isa = XCSwiftPackageProductDependency;
			package = 50EE50CB2867577400C61080 /* XCRemoteSwiftPackageReference "Swift-Public-IP" */;
			productName = SwiftPublicIP;
		};
/* End XCSwiftPackageProductDependency section */

/* Begin XCVersionGroup section */
		5023A0B52854B87D009563B8 /* Patchcord.xcdatamodeld */ = {
			isa = XCVersionGroup;
			children = (
				5023A0B62854B87D009563B8 /* Patchcord.xcdatamodel */,
			);
			currentVersion = 5023A0B62854B87D009563B8 /* Patchcord.xcdatamodel */;
			path = Patchcord.xcdatamodeld;
			sourceTree = "<group>";
			versionGroupType = wrapper.xcdatamodel;
		};
/* End XCVersionGroup section */
	};
	rootObject = 5023A0A62854B87D009563B8 /* Project object */;
}
