{
  "pins" : [
    {
      "identity" : "ndt7-client-ios",
      "kind" : "remoteSourceControl",
      "location" : "https://github.com/maximbilan/ndt7-client-ios",
      "state" : {
        "branch" : "master",
        "revision" : "6c8355a3d796bd18a48d2cb4ee3e8a3932f98184"
      }
    },
    {
      "identity" : "swift-public-ip",
      "kind" : "remoteSourceControl",
      "location" : "https://github.com/HackingGate/Swift-Public-IP",
      "state" : {
        "revision" : "20765a3eb03d3800df93b6fd13bf55c9ac8c8278",
        "version" : "0.0.2"
      }
    },
    {
      "identity" : "swiftyping",
      "kind" : "remoteSourceControl",
      "location" : "https://github.com/samiyr/SwiftyPing",
      "state" : {
        "revision" : "05591bc0047e41e0e1d98135c6bc457192a72d39",
        "version" : "1.2.1"
      }
    }
  ],
  "version" : 2
}
